// !$*UTF8*$!
{
	archiveVersion = 1;
	classes = {
	};
	objectVersion = 56;
	objects = {

/* Begin PBXBuildFile section */
		2E287EC02C11FF9D00E3FBBF /* AppDelegate.swift in Sources */ = {isa = PBXBuildFile; fileRef = 2E287EBF2C11FF9D00E3FBBF /* AppDelegate.swift */; };
		2E287EC22C11FF9D00E3FBBF /* SceneDelegate.swift in Sources */ = {isa = PBXBuildFile; fileRef = 2E287EC12C11FF9D00E3FBBF /* SceneDelegate.swift */; };
		2E287EC42C11FF9D00E3FBBF /* ViewController.swift in Sources */ = {isa = PBXBuildFile; fileRef = 2E287EC32C11FF9D00E3FBBF /* ViewController.swift */; };
		2E287EC72C11FF9D00E3FBBF /* Base in Resources */ = {isa = PBXBuildFile; fileRef = 2E287EC62C11FF9D00E3FBBF /* Base */; };
		2E287EC92C11FF9F00E3FBBF /* Assets.xcassets in Resources */ = {isa = PBXBuildFile; fileRef = 2E287EC82C11FF9F00E3FBBF /* Assets.xcassets */; };
		2E287ECC2C11FF9F00E3FBBF /* Base in Resources */ = {isa = PBXBuildFile; fileRef = 2E287ECB2C11FF9F00E3FBBF /* Base */; };
		2E287ED72C11FFA000E3FBBF /* demoTests.swift in Sources */ = {isa = PBXBuildFile; fileRef = 2E287ED62C11FFA000E3FBBF /* demoTests.swift */; };
		2E287EE12C11FFA000E3FBBF /* demoUITests.swift in Sources */ = {isa = PBXBuildFile; fileRef = 2E287EE02C11FFA000E3FBBF /* demoUITests.swift */; };
		2E287EE32C11FFA000E3FBBF /* demoUITestsLaunchTests.swift in Sources */ = {isa = PBXBuildFile; fileRef = 2E287EE22C11FFA000E3FBBF /* demoUITestsLaunchTests.swift */; };
/* End PBXBuildFile section */

/* Begin PBXContainerItemProxy section */
		2E287ED32C11FFA000E3FBBF /* PBXContainerItemProxy */ = {
			isa = PBXContainerItemProxy;
			containerPortal = 2E287EB42C11FF9D00E3FBBF /* Project object */;
			proxyType = 1;
			remoteGlobalIDString = 2E287EBB2C11FF9D00E3FBBF;
			remoteInfo = demo;
		};
		2E287EDD2C11FFA000E3FBBF /* PBXContainerItemProxy */ = {
			isa = PBXContainerItemProxy;
			containerPortal = 2E287EB42C11FF9D00E3FBBF /* Project object */;
			proxyType = 1;
			remoteGlobalIDString = 2E287EBB2C11FF9D00E3FBBF;
			remoteInfo = demo;
		};
/* End PBXContainerItemProxy section */

/* Begin PBXFileReference section */
		2E287EBC2C11FF9D00E3FBBF /* demo.app */ = {isa = PBXFileReference; explicitFileType = wrapper.application; includeInIndex = 0; path = demo.app; sourceTree = BUILT_PRODUCTS_DIR; };
		2E287EBF2C11FF9D00E3FBBF /* AppDelegate.swift */ = {isa = PBXFileReference; lastKnownFileType = sourcecode.swift; path = AppDelegate.swift; sourceTree = "<group>"; };
		2E287EC12C11FF9D00E3FBBF /* SceneDelegate.swift */ = {isa = PBXFileReference; lastKnownFileType = sourcecode.swift; path = SceneDelegate.swift; sourceTree = "<group>"; };
		2E287EC32C11FF9D00E3FBBF /* ViewController.swift */ = {isa = PBXFileReference; lastKnownFileType = sourcecode.swift; path = ViewController.swift; sourceTree = "<group>"; };
		2E287EC62C11FF9D00E3FBBF /* Base */ = {isa = PBXFileReference; lastKnownFileType = file.storyboard; name = Base; path = Base.lproj/Main.storyboard; sourceTree = "<group>"; };
		2E287EC82C11FF9F00E3FBBF /* Assets.xcassets */ = {isa = PBXFileReference; lastKnownFileType = folder.assetcatalog; path = Assets.xcassets; sourceTree = "<group>"; };
		2E287ECB2C11FF9F00E3FBBF /* Base */ = {isa = PBXFileReference; lastKnownFileType = file.storyboard; name = Base; path = Base.lproj/LaunchScreen.storyboard; sourceTree = "<group>"; };
		2E287ECD2C11FF9F00E3FBBF /* Info.plist */ = {isa = PBXFileReference; lastKnownFileType = text.plist.xml; path = Info.plist; sourceTree = "<group>"; };
		2E287ED22C11FFA000E3FBBF /* demoTests.xctest */ = {isa = PBXFileReference; explicitFileType = wrapper.cfbundle; includeInIndex = 0; path = demoTests.xctest; sourceTree = BUILT_PRODUCTS_DIR; };
		2E287ED62C11FFA000E3FBBF /* demoTests.swift */ = {isa = PBXFileReference; lastKnownFileType = sourcecode.swift; path = demoTests.swift; sourceTree = "<group>"; };
		2E287EDC2C11FFA000E3FBBF /* demoUITests.xctest */ = {isa = PBXFileReference; explicitFileType = wrapper.cfbundle; includeInIndex = 0; path = demoUITests.xctest; sourceTree = BUILT_PRODUCTS_DIR; };
		2E287EE02C11FFA000E3FBBF /* demoUITests.swift */ = {isa = PBXFileReference; lastKnownFileType = sourcecode.swift; path = demoUITests.swift; sourceTree = "<group>"; };
		2E287EE22C11FFA000E3FBBF /* demoUITestsLaunchTests.swift */ = {isa = PBXFileReference; lastKnownFileType = sourcecode.swift; path = demoUITestsLaunchTests.swift; sourceTree = "<group>"; };
/* End PBXFileReference section */

/* Begin PBXFrameworksBuildPhase section */
		2E287EB92C11FF9D00E3FBBF /* Frameworks */ = {
			isa = PBXFrameworksBuildPhase;
			buildActionMask = 2147483647;
			files = (
			);
			runOnlyForDeploymentPostprocessing = 0;
		};
		2E287ECF2C11FFA000E3FBBF /* Frameworks */ = {
			isa = PBXFrameworksBuildPhase;
			buildActionMask = 2147483647;
			files = (
			);
			runOnlyForDeploymentPostprocessing = 0;
		};
		2E287ED92C11FFA000E3FBBF /* Frameworks */ = {
			isa = PBXFrameworksBuildPhase;
			buildActionMask = 2147483647;
			files = (
			);
			runOnlyForDeploymentPostprocessing = 0;
		};
/* End PBXFrameworksBuildPhase section */

/* Begin PBXGroup section */
		2E287EB32C11FF9D00E3FBBF = {
			isa = PBXGroup;
			children = (
				2E287EBE2C11FF9D00E3FBBF /* demo */,
				2E287ED52C11FFA000E3FBBF /* demoTests */,
				2E287EDF2C11FFA000E3FBBF /* demoUITests */,
				2E287EBD2C11FF9D00E3FBBF /* Products */,
			);
			sourceTree = "<group>";
		};
		2E287EBD2C11FF9D00E3FBBF /* Products */ = {
			isa = PBXGroup;
			children = (
				2E287EBC2C11FF9D00E3FBBF /* demo.app */,
				2E287ED22C11FFA000E3FBBF /* demoTests.xctest */,
				2E287EDC2C11FFA000E3FBBF /* demoUITests.xctest */,
			);
			name = Products;
			sourceTree = "<group>";
		};
		2E287EBE2C11FF9D00E3FBBF /* demo */ = {
			isa = PBXGroup;
			children = (
				2E287EBF2C11FF9D00E3FBBF /* AppDelegate.swift */,
				2E287EC12C11FF9D00E3FBBF /* SceneDelegate.swift */,
				2E287EC32C11FF9D00E3FBBF /* ViewController.swift */,
				2E287EC52C11FF9D00E3FBBF /* Main.storyboard */,
				2E287EC82C11FF9F00E3FBBF /* Assets.xcassets */,
				2E287ECA2C11FF9F00E3FBBF /* LaunchScreen.storyboard */,
				2E287ECD2C11FF9F00E3FBBF /* Info.plist */,
			);
			path = demo;
			sourceTree = "<group>";
		};
		2E287ED52C11FFA000E3FBBF /* demoTests */ = {
			isa = PBXGroup;
			children = (
				2E287ED62C11FFA000E3FBBF /* demoTests.swift */,
			);
			path = demoTests;
			sourceTree = "<group>";
		};
		2E287EDF2C11FFA000E3FBBF /* demoUITests */ = {
			isa = PBXGroup;
			children = (
				2E287EE02C11FFA000E3FBBF /* demoUITests.swift */,
				2E287EE22C11FFA000E3FBBF /* demoUITestsLaunchTests.swift */,
			);
			path = demoUITests;
			sourceTree = "<group>";
		};
/* End PBXGroup section */

/* Begin PBXNativeTarget section */
		2E287EBB2C11FF9D00E3FBBF /* demo */ = {
			isa = PBXNativeTarget;
			buildConfigurationList = 2E287EE62C11FFA000E3FBBF /* Build configuration list for PBXNativeTarget "demo" */;
			buildPhases = (
				2E287EB82C11FF9D00E3FBBF /* Sources */,
				2E287EB92C11FF9D00E3FBBF /* Frameworks */,
				2E287EBA2C11FF9D00E3FBBF /* Resources */,
			);
			buildRules = (
			);
			dependencies = (
			);
			name = demo;
			productName = demo;
			productReference = 2E287EBC2C11FF9D00E3FBBF /* demo.app */;
			productType = "com.apple.product-type.application";
		};
		2E287ED12C11FFA000E3FBBF /* demoTests */ = {
			isa = PBXNativeTarget;
			buildConfigurationList = 2E287EE92C11FFA000E3FBBF /* Build configuration list for PBXNativeTarget "demoTests" */;
			buildPhases = (
				2E287ECE2C11FFA000E3FBBF /* Sources */,
				2E287ECF2C11FFA000E3FBBF /* Frameworks */,
				2E287ED02C11FFA000E3FBBF /* Resources */,
			);
			buildRules = (
			);
			dependencies = (
				2E287ED42C11FFA000E3FBBF /* PBXTargetDependency */,
			);
			name = demoTests;
			productName = demoTests;
			productReference = 2E287ED22C11FFA000E3FBBF /* demoTests.xctest */;
			productType = "com.apple.product-type.bundle.unit-test";
		};
		2E287EDB2C11FFA000E3FBBF /* demoUITests */ = {
			isa = PBXNativeTarget;
			buildConfigurationList = 2E287EEC2C11FFA000E3FBBF /* Build configuration list for PBXNativeTarget "demoUITests" */;
			buildPhases = (
				2E287ED82C11FFA000E3FBBF /* Sources */,
				2E287ED92C11FFA000E3FBBF /* Frameworks */,
				2E287EDA2C11FFA000E3FBBF /* Resources */,
			);
			buildRules = (
			);
			dependencies = (
				2E287EDE2C11FFA000E3FBBF /* PBXTargetDependency */,
			);
			name = demoUITests;
			productName = demoUITests;
			productReference = 2E287EDC2C11FFA000E3FBBF /* demoUITests.xctest */;
			productType = "com.apple.product-type.bundle.ui-testing";
		};
/* End PBXNativeTarget section */

/* Begin PBXProject section */
		2E287EB42C11FF9D00E3FBBF /* Project object */ = {
			isa = PBXProject;
			attributes = {
				BuildIndependentTargetsInParallel = 1;
				LastSwiftUpdateCheck = 1530;
				LastUpgradeCheck = 1530;
				TargetAttributes = {
					2E287EBB2C11FF9D00E3FBBF = {
						CreatedOnToolsVersion = 15.3;
					};
					2E287ED12C11FFA000E3FBBF = {
						CreatedOnToolsVersion = 15.3;
						TestTargetID = 2E287EBB2C11FF9D00E3FBBF;
					};
					2E287EDB2C11FFA000E3FBBF = {
						CreatedOnToolsVersion = 15.3;
						TestTargetID = 2E287EBB2C11FF9D00E3FBBF;
					};
				};
			};
			buildConfigurationList = 2E287EB72C11FF9D00E3FBBF /* Build configuration list for PBXProject "demo" */;
			compatibilityVersion = "Xcode 14.0";
			developmentRegion = en;
			hasScannedForEncodings = 0;
			knownRegions = (
				en,
				Base,
			);
			mainGroup = 2E287EB32C11FF9D00E3FBBF;
			productRefGroup = 2E287EBD2C11FF9D00E3FBBF /* Products */;
			projectDirPath = "";
			projectRoot = "";
			targets = (
				2E287EBB2C11FF9D00E3FBBF /* demo */,
				2E287ED12C11FFA000E3FBBF /* demoTests */,
				2E287EDB2C11FFA000E3FBBF /* demoUITests */,
			);
		};
/* End PBXProject section */

/* Begin PBXResourcesBuildPhase section */
		2E287EBA2C11FF9D00E3FBBF /* Resources */ = {
			isa = PBXResourcesBuildPhase;
			buildActionMask = 2147483647;
			files = (
				2E287EC92C11FF9F00E3FBBF /* Assets.xcassets in Resources */,
				2E287ECC2C11FF9F00E3FBBF /* Base in Resources */,
				2E287EC72C11FF9D00E3FBBF /* Base in Resources */,
			);
			runOnlyForDeploymentPostprocessing = 0;
		};
		2E287ED02C11FFA000E3FBBF /* Resources */ = {
			isa = PBXResourcesBuildPhase;
			buildActionMask = 2147483647;
			files = (
			);
			runOnlyForDeploymentPostprocessing = 0;
		};
		2E287EDA2C11FFA000E3FBBF /* Resources */ = {
			isa = PBXResourcesBuildPhase;
			buildActionMask = 2147483647;
			files = (
			);
			runOnlyForDeploymentPostprocessing = 0;
		};
/* End PBXResourcesBuildPhase section */

/* Begin PBXSourcesBuildPhase section */
		2E287EB82C11FF9D00E3FBBF /* Sources */ = {
			isa = PBXSourcesBuildPhase;
			buildActionMask = 2147483647;
			files = (
				2E287EC42C11FF9D00E3FBBF /* ViewController.swift in Sources */,
				2E287EC02C11FF9D00E3FBBF /* AppDelegate.swift in Sources */,
				2E287EC22C11FF9D00E3FBBF /* SceneDelegate.swift in Sources */,
			);
			runOnlyForDeploymentPostprocessing = 0;
		};
		2E287ECE2C11FFA000E3FBBF /* Sources */ = {
			isa = PBXSourcesBuildPhase;
			buildActionMask = 2147483647;
			files = (
				2E287ED72C11FFA000E3FBBF /* demoTests.swift in Sources */,
			);
			runOnlyForDeploymentPostprocessing = 0;
		};
		2E287ED82C11FFA000E3FBBF /* Sources */ = {
			isa = PBXSourcesBuildPhase;
			buildActionMask = 2147483647;
			files = (
				2E287EE12C11FFA000E3FBBF /* demoUITests.swift in Sources */,
				2E287EE32C11FFA000E3FBBF /* demoUITestsLaunchTests.swift in Sources */,
			);
			runOnlyForDeploymentPostprocessing = 0;
		};
/* End PBXSourcesBuildPhase section */

/* Begin PBXTargetDependency section */
		2E287ED42C11FFA000E3FBBF /* PBXTargetDependency */ = {
			isa = PBXTargetDependency;
			target = 2E287EBB2C11FF9D00E3FBBF /* demo */;
			targetProxy = 2E287ED32C11FFA000E3FBBF /* PBXContainerItemProxy */;
		};
		2E287EDE2C11FFA000E3FBBF /* PBXTargetDependency */ = {
			isa = PBXTargetDependency;
			target = 2E287EBB2C11FF9D00E3FBBF /* demo */;
			targetProxy = 2E287EDD2C11FFA000E3FBBF /* PBXContainerItemProxy */;
		};
/* End PBXTargetDependency section */

/* Begin PBXVariantGroup section */
		2E287EC52C11FF9D00E3FBBF /* Main.storyboard */ = {
			isa = PBXVariantGroup;
			children = (
				2E287EC62C11FF9D00E3FBBF /* Base */,
			);
			name = Main.storyboard;
			sourceTree = "<group>";
		};
		2E287ECA2C11FF9F00E3FBBF /* LaunchScreen.storyboard */ = {
			isa = PBXVariantGroup;
			children = (
				2E287ECB2C11FF9F00E3FBBF /* Base */,
			);
			name = LaunchScreen.storyboard;
			sourceTree = "<group>";
		};
/* End PBXVariantGroup section */

/* Begin XCBuildConfiguration section */
		2E287EE42C11FFA000E3FBBF /* Debug */ = {
			isa = XCBuildConfiguration;
			buildSettings = {
				ALWAYS_SEARCH_USER_PATHS = NO;
				ASSETCATALOG_COMPILER_GENERATE_SWIFT_ASSET_SYMBOL_EXTENSIONS = YES;
				CLANG_ANALYZER_NONNULL = YES;
				CLANG_ANALYZER_NUMBER_OBJECT_CONVERSION = YES_AGGRESSIVE;
				CLANG_CXX_LANGUAGE_STANDARD = "gnu++20";
				CLANG_ENABLE_MODULES = YES;
				CLANG_ENABLE_OBJC_ARC = YES;
				CLANG_ENABLE_OBJC_WEAK = YES;
				CLANG_WARN_BLOCK_CAPTURE_AUTORELEASING = YES;
				CLANG_WARN_BOOL_CONVERSION = YES;
				CLANG_WARN_COMMA = YES;
				CLANG_WARN_CONSTANT_CONVERSION = YES;
				CLANG_WARN_DEPRECATED_OBJC_IMPLEMENTATIONS = YES;
				CLANG_WARN_DIRECT_OBJC_ISA_USAGE = YES_ERROR;
				CLANG_WARN_DOCUMENTATION_COMMENTS = YES;
				CLANG_WARN_EMPTY_BODY = YES;
				CLANG_WARN_ENUM_CONVERSION = YES;
				CLANG_WARN_INFINITE_RECURSION = YES;
				CLANG_WARN_INT_CONVERSION = YES;
				CLANG_WARN_NON_LITERAL_NULL_CONVERSION = YES;
				CLANG_WARN_OBJC_IMPLICIT_RETAIN_SELF = YES;
				CLANG_WARN_OBJC_LITERAL_CONVERSION = YES;
				CLANG_WARN_OBJC_ROOT_CLASS = YES_ERROR;
				CLANG_WARN_QUOTED_INCLUDE_IN_FRAMEWORK_HEADER = YES;
				CLANG_WARN_RANGE_LOOP_ANALYSIS = YES;
				CLANG_WARN_STRICT_PROTOTYPES = YES;
				CLANG_WARN_SUSPICIOUS_MOVE = YES;
				CLANG_WARN_UNGUARDED_AVAILABILITY = YES_AGGRESSIVE;
				CLANG_WARN_UNREACHABLE_CODE = YES;
				CLANG_WARN__DUPLICATE_METHOD_MATCH = YES;
				COPY_PHASE_STRIP = NO;
				DEBUG_INFORMATION_FORMAT = dwarf;
				ENABLE_STRICT_OBJC_MSGSEND = YES;
				ENABLE_TESTABILITY = YES;
				ENABLE_USER_SCRIPT_SANDBOXING = YES;
				GCC_C_LANGUAGE_STANDARD = gnu17;
				GCC_DYNAMIC_NO_PIC = NO;
				GCC_NO_COMMON_BLOCKS = YES;
				GCC_OPTIMIZATION_LEVEL = 0;
				GCC_PREPROCESSOR_DEFINITIONS = (
					"DEBUG=1",
					"$(inherited)",
				);
				GCC_WARN_64_TO_32_BIT_CONVERSION = YES;
				GCC_WARN_ABOUT_RETURN_TYPE = YES_ERROR;
				GCC_WARN_UNDECLARED_SELECTOR = YES;
				GCC_WARN_UNINITIALIZED_AUTOS = YES_AGGRESSIVE;
				GCC_WARN_UNUSED_FUNCTION = YES;
				GCC_WARN_UNUSED_VARIABLE = YES;
				IPHONEOS_DEPLOYMENT_TARGET = 17.4;
				LOCALIZATION_PREFERS_STRING_CATALOGS = YES;
				MTL_ENABLE_DEBUG_INFO = INCLUDE_SOURCE;
				MTL_FAST_MATH = YES;
				ONLY_ACTIVE_ARCH = YES;
				SDKROOT = iphoneos;
				SWIFT_ACTIVE_COMPILATION_CONDITIONS = "DEBUG $(inherited)";
				SWIFT_OPTIMIZATION_LEVEL = "-Onone";
			};
			name = Debug;
		};
		2E287EE52C11FFA000E3FBBF /* Release */ = {
			isa = XCBuildConfiguration;
			buildSettings = {
				ALWAYS_SEARCH_USER_PATHS = NO;
				ASSETCATALOG_COMPILER_GENERATE_SWIFT_ASSET_SYMBOL_EXTENSIONS = YES;
				CLANG_ANALYZER_NONNULL = YES;
				CLANG_ANALYZER_NUMBER_OBJECT_CONVERSION = YES_AGGRESSIVE;
				CLANG_CXX_LANGUAGE_STANDARD = "gnu++20";
				CLANG_ENABLE_MODULES = YES;
				CLANG_ENABLE_OBJC_ARC = YES;
				CLANG_ENABLE_OBJC_WEAK = YES;
				CLANG_WARN_BLOCK_CAPTURE_AUTORELEASING = YES;
				CLANG_WARN_BOOL_CONVERSION = YES;
				CLANG_WARN_COMMA = YES;
				CLANG_WARN_CONSTANT_CONVERSION = YES;
				CLANG_WARN_DEPRECATED_OBJC_IMPLEMENTATIONS = YES;
				CLANG_WARN_DIRECT_OBJC_ISA_USAGE = YES_ERROR;
				CLANG_WARN_DOCUMENTATION_COMMENTS = YES;
				CLANG_WARN_EMPTY_BODY = YES;
				CLANG_WARN_ENUM_CONVERSION = YES;
				CLANG_WARN_INFINITE_RECURSION = YES;
				CLANG_WARN_INT_CONVERSION = YES;
				CLANG_WARN_NON_LITERAL_NULL_CONVERSION = YES;
				CLANG_WARN_OBJC_IMPLICIT_RETAIN_SELF = YES;
				CLANG_WARN_OBJC_LITERAL_CONVERSION = YES;
				CLANG_WARN_OBJC_ROOT_CLASS = YES_ERROR;
				CLANG_WARN_QUOTED_INCLUDE_IN_FRAMEWORK_HEADER = YES;
				CLANG_WARN_RANGE_LOOP_ANALYSIS = YES;
				CLANG_WARN_STRICT_PROTOTYPES = YES;
				CLANG_WARN_SUSPICIOUS_MOVE = YES;
				CLANG_WARN_UNGUARDED_AVAILABILITY = YES_AGGRESSIVE;
				CLANG_WARN_UNREACHABLE_CODE = YES;
				CLANG_WARN__DUPLICATE_METHOD_MATCH = YES;
				COPY_PHASE_STRIP = NO;
				DEBUG_INFORMATION_FORMAT = "dwarf-with-dsym";
				ENABLE_NS_ASSERTIONS = NO;
				ENABLE_STRICT_OBJC_MSGSEND = YES;
				ENABLE_USER_SCRIPT_SANDBOXING = YES;
				GCC_C_LANGUAGE_STANDARD = gnu17;
				GCC_NO_COMMON_BLOCKS = YES;
				GCC_WARN_64_TO_32_BIT_CONVERSION = YES;
				GCC_WARN_ABOUT_RETURN_TYPE = YES_ERROR;
				GCC_WARN_UNDECLARED_SELECTOR = YES;
				GCC_WARN_UNINITIALIZED_AUTOS = YES_AGGRESSIVE;
				GCC_WARN_UNUSED_FUNCTION = YES;
				GCC_WARN_UNUSED_VARIABLE = YES;
				IPHONEOS_DEPLOYMENT_TARGET = 17.4;
				LOCALIZATION_PREFERS_STRING_CATALOGS = YES;
				MTL_ENABLE_DEBUG_INFO = NO;
				MTL_FAST_MATH = YES;
				SDKROOT = iphoneos;
				SWIFT_COMPILATION_MODE = wholemodule;
				VALIDATE_PRODUCT = YES;
			};
			name = Release;
		};
		2E287EE72C11FFA000E3FBBF /* Debug */ = {
			isa = XCBuildConfiguration;
			buildSettings = {
				ASSETCATALOG_COMPILER_APPICON_NAME = AppIcon;
				ASSETCATALOG_COMPILER_GLOBAL_ACCENT_COLOR_NAME = AccentColor;
				CODE_SIGN_STYLE = Automatic;
				CURRENT_PROJECT_VERSION = 1;
				DEVELOPMENT_TEAM = ARYC9M32DB;
				GENERATE_INFOPLIST_FILE = YES;
				INFOPLIST_FILE = demo/Info.plist;
				INFOPLIST_KEY_UIApplicationSupportsIndirectInputEvents = YES;
				INFOPLIST_KEY_UILaunchStoryboardName = LaunchScreen;
				INFOPLIST_KEY_UIMainStoryboardFile = Main;
				INFOPLIST_KEY_UISupportedInterfaceOrientations_iPad = "UIInterfaceOrientationPortrait UIInterfaceOrientationPortraitUpsideDown UIInterfaceOrientationLandscapeLeft UIInterfaceOrientationLandscapeRight";
				INFOPLIST_KEY_UISupportedInterfaceOrientations_iPhone = "UIInterfaceOrientationPortrait UIInterfaceOrientationLandscapeLeft UIInterfaceOrientationLandscapeRight";
				LD_RUNPATH_SEARCH_PATHS = (
					"$(inherited)",
					"@executable_path/Frameworks",
				);
				MARKETING_VERSION = 1.0;
				PRODUCT_BUNDLE_IDENTIFIER = com.demo;
				PRODUCT_NAME = "$(TARGET_NAME)";
				SWIFT_EMIT_LOC_STRINGS = YES;
				SWIFT_VERSION = 5.0;
				TARGETED_DEVICE_FAMILY = "1,2";
			};
			name = Debug;
		};
		2E287EE82C11FFA000E3FBBF /* Release */ = {
			isa = XCBuildConfiguration;
			buildSettings = {
				ASSETCATALOG_COMPILER_APPICON_NAME = AppIcon;
				ASSETCATALOG_COMPILER_GLOBAL_ACCENT_COLOR_NAME = AccentColor;
				CODE_SIGN_STYLE = Automatic;
				CURRENT_PROJECT_VERSION = 1;
				DEVELOPMENT_TEAM = ARYC9M32DB;
				GENERATE_INFOPLIST_FILE = YES;
				INFOPLIST_FILE = demo/Info.plist;
				INFOPLIST_KEY_UIApplicationSupportsIndirectInputEvents = YES;
				INFOPLIST_KEY_UILaunchStoryboardName = LaunchScreen;
				INFOPLIST_KEY_UIMainStoryboardFile = Main;
				INFOPLIST_KEY_UISupportedInterfaceOrientations_iPad = "UIInterfaceOrientationPortrait UIInterfaceOrientationPortraitUpsideDown UIInterfaceOrientationLandscapeLeft UIInterfaceOrientationLandscapeRight";
				INFOPLIST_KEY_UISupportedInterfaceOrientations_iPhone = "UIInterfaceOrientationPortrait UIInterfaceOrientationLandscapeLeft UIInterfaceOrientationLandscapeRight";
				LD_RUNPATH_SEARCH_PATHS = (
					"$(inherited)",
					"@executable_path/Frameworks",
				);
				MARKETING_VERSION = 1.0;
				PRODUCT_BUNDLE_IDENTIFIER = com.demo;
				PRODUCT_NAME = "$(TARGET_NAME)";
				SWIFT_EMIT_LOC_STRINGS = YES;
				SWIFT_VERSION = 5.0;
				TARGETED_DEVICE_FAMILY = "1,2";
			};
			name = Release;
		};
		2E287EEA2C11FFA000E3FBBF /* Debug */ = {
			isa = XCBuildConfiguration;
			buildSettings = {
				ALWAYS_EMBED_SWIFT_STANDARD_LIBRARIES = YES;
				BUNDLE_LOADER = "$(TEST_HOST)";
				CODE_SIGN_STYLE = Automatic;
				CURRENT_PROJECT_VERSION = 1;
				DEVELOPMENT_TEAM = ARYC9M32DB;
				GENERATE_INFOPLIST_FILE = YES;
				IPHONEOS_DEPLOYMENT_TARGET = 17.4;
				MARKETING_VERSION = 1.0;
				PRODUCT_BUNDLE_IDENTIFIER = com.demoTests;
				PRODUCT_NAME = "$(TARGET_NAME)";
				SWIFT_EMIT_LOC_STRINGS = NO;
				SWIFT_VERSION = 5.0;
				TARGETED_DEVICE_FAMILY = "1,2";
				TEST_HOST = "$(BUILT_PRODUCTS_DIR)/demo.app/$(BUNDLE_EXECUTABLE_FOLDER_PATH)/demo";
			};
			name = Debug;
		};
		2E287EEB2C11FFA000E3FBBF /* Release */ = {
			isa = XCBuildConfiguration;
			buildSettings = {
				ALWAYS_EMBED_SWIFT_STANDARD_LIBRARIES = YES;
				BUNDLE_LOADER = "$(TEST_HOST)";
				CODE_SIGN_STYLE = Automatic;
				CURRENT_PROJECT_VERSION = 1;
				DEVELOPMENT_TEAM = ARYC9M32DB;
				GENERATE_INFOPLIST_FILE = YES;
				IPHONEOS_DEPLOYMENT_TARGET = 17.4;
				MARKETING_VERSION = 1.0;
				PRODUCT_BUNDLE_IDENTIFIER = com.demoTests;
				PRODUCT_NAME = "$(TARGET_NAME)";
				SWIFT_EMIT_LOC_STRINGS = NO;
				SWIFT_VERSION = 5.0;
				TARGETED_DEVICE_FAMILY = "1,2";
				TEST_HOST = "$(BUILT_PRODUCTS_DIR)/demo.app/$(BUNDLE_EXECUTABLE_FOLDER_PATH)/demo";
			};
			name = Release;
		};
		2E287EED2C11FFA000E3FBBF /* Debug */ = {
			isa = XCBuildConfiguration;
			buildSettings = {
				ALWAYS_EMBED_SWIFT_STANDARD_LIBRARIES = YES;
				CODE_SIGN_STYLE = Automatic;
				CURRENT_PROJECT_VERSION = 1;
				DEVELOPMENT_TEAM = ARYC9M32DB;
				GENERATE_INFOPLIST_FILE = YES;
				MARKETING_VERSION = 1.0;
				PRODUCT_BUNDLE_IDENTIFIER = com.demoUITests;
				PRODUCT_NAME = "$(TARGET_NAME)";
				SWIFT_EMIT_LOC_STRINGS = NO;
				SWIFT_VERSION = 5.0;
				TARGETED_DEVICE_FAMILY = "1,2";
				TEST_TARGET_NAME = demo;
			};
			name = Debug;
		};
		2E287EEE2C11FFA000E3FBBF /* Release */ = {
			isa = XCBuildConfiguration;
			buildSettings = {
				ALWAYS_EMBED_SWIFT_STANDARD_LIBRARIES = YES;
				CODE_SIGN_STYLE = Automatic;
				CURRENT_PROJECT_VERSION = 1;
				DEVELOPMENT_TEAM = ARYC9M32DB;
				GENERATE_INFOPLIST_FILE = YES;
				MARKETING_VERSION = 1.0;
				PRODUCT_BUNDLE_IDENTIFIER = com.demoUITests;
				PRODUCT_NAME = "$(TARGET_NAME)";
				SWIFT_EMIT_LOC_STRINGS = NO;
				SWIFT_VERSION = 5.0;
				TARGETED_DEVICE_FAMILY = "1,2";
				TEST_TARGET_NAME = demo;
			};
			name = Release;
		};
/* End XCBuildConfiguration section */

/* Begin XCConfigurationList section */
		2E287EB72C11FF9D00E3FBBF /* Build configuration list for PBXProject "demo" */ = {
			isa = XCConfigurationList;
			buildConfigurations = (
				2E287EE42C11FFA000E3FBBF /* Debug */,
				2E287EE52C11FFA000E3FBBF /* Release */,
			);
			defaultConfigurationIsVisible = 0;
			defaultConfigurationName = Release;
		};
		2E287EE62C11FFA000E3FBBF /* Build configuration list for PBXNativeTarget "demo" */ = {
			isa = XCConfigurationList;
			buildConfigurations = (
				2E287EE72C11FFA000E3FBBF /* Debug */,
				2E287EE82C11FFA000E3FBBF /* Release */,
			);
			defaultConfigurationIsVisible = 0;
			defaultConfigurationName = Release;
		};
		2E287EE92C11FFA000E3FBBF /* Build configuration list for PBXNativeTarget "demoTests" */ = {
			isa = XCConfigurationList;
			buildConfigurations = (
				2E287EEA2C11FFA000E3FBBF /* Debug */,
				2E287EEB2C11FFA000E3FBBF /* Release */,
			);
			defaultConfigurationIsVisible = 0;
			defaultConfigurationName = Release;
		};
		2E287EEC2C11FFA000E3FBBF /* Build configuration list for PBXNativeTarget "demoUITests" */ = {
			isa = XCConfigurationList;
			buildConfigurations = (
				2E287EED2C11FFA000E3FBBF /* Debug */,
				2E287EEE2C11FFA000E3FBBF /* Release */,
			);
			defaultConfigurationIsVisible = 0;
			defaultConfigurationName = Release;
		};
/* End XCConfigurationList section */
	};
	rootObject = 2E287EB42C11FF9D00E3FBBF /* Project object */;
}
